
Microsoft Visual Studio Solution File, Format Version 12.00
# Visual Studio 2012
Project("{FAE04EC0-301F-11D3-BF4B-00C04F79EFBC}") = "SharpNoise", "SharpNoise\SharpNoise.csproj", "{948B0E7C-6FB1-41ED-BAFC-971E54F8C14D}"
EndProject
Project("{FAE04EC0-301F-11D3-BF4B-00C04F79EFBC}") = "SharpNoise.Tests", "SharpNoise.Tests\SharpNoise.Tests.csproj", "{5A1EED31-C385-4846-91CF-257B3B720CD9}"
EndProject
Project("{FAE04EC0-301F-11D3-BF4B-00C04F79EFBC}") = "SharpNoise.Utilities", "SharpNoise.Utilities\SharpNoise.Utilities.csproj", "{EFE8B9D6-9A63-4112-9830-E46901ED4578}"
EndProject
Global
	GlobalSection(SolutionConfigurationPlatforms) = preSolution
		Debug|Any CPU = Debug|Any CPU
		Release|Any CPU = Release|Any CPU
	EndGlobalSection
	GlobalSection(ProjectConfigurationPlatforms) = postSolution
		{948B0E7C-6FB1-41ED-BAFC-971E54F8C14D}.Debug|Any CPU.ActiveCfg = Debug|Any CPU
		{948B0E7C-6FB1-41ED-BAFC-971E54F8C14D}.Debug|Any CPU.Build.0 = Debug|Any CPU
		{948B0E7C-6FB1-41ED-BAFC-971E54F8C14D}.Release|Any CPU.ActiveCfg = Release|Any CPU
		{948B0E7C-6FB1-41ED-BAFC-971E54F8C14D}.Release|Any CPU.Build.0 = Release|Any CPU
		{5A1EED31-C385-4846-91CF-257B3B720CD9}.Debug|Any CPU.ActiveCfg = Debug|Any CPU
		{5A1EED31-C385-4846-91CF-257B3B720CD9}.Debug|Any CPU.Build.0 = Debug|Any CPU
		{5A1EED31-C385-4846-91CF-257B3B720CD9}.Release|Any CPU.ActiveCfg = Release|Any CPU
		{5A1EED31-C385-4846-91CF-257B3B720CD9}.Release|Any CPU.Build.0 = Release|Any CPU
		{EFE8B9D6-9A63-4112-9830-E46901ED4578}.Debug|Any CPU.ActiveCfg = Debug|Any CPU
		{EFE8B9D6-9A63-4112-9830-E46901ED4578}.Debug|Any CPU.Build.0 = Debug|Any CPU
		{EFE8B9D6-9A63-4112-9830-E46901ED4578}.Release|Any CPU.ActiveCfg = Release|Any CPU
		{EFE8B9D6-9A63-4112-9830-E46901ED4578}.Release|Any CPU.Build.0 = Release|Any CPU
	EndGlobalSection
	GlobalSection(SolutionProperties) = preSolution
		HideSolutionNode = FALSE
	EndGlobalSection
EndGlobal
