
Microsoft Visual Studio Solution File, Format Version 12.00
# Visual Studio 2012
Project("{FAE04EC0-301F-11D3-BF4B-00C04F79EFBC}") = "SharpNoise", "SharpNoise\SharpNoise.csproj", "{948B0E7C-6FB1-41ED-BAFC-971E54F8C14D}"
EndProject
Project("{FAE04EC0-301F-11D3-BF4B-00C04F79EFBC}") = "SharpNoise.Tests", "SharpNoise.Tests\SharpNoise.Tests.csproj", "{5A1EED31-C385-4846-91CF-257B3B720CD9}"
EndProject
Project("{FAE04EC0-301F-11D3-BF4B-00C04F79EFBC}") = "SharpNoise.Serialization", "SharpNoise.Serialization\SharpNoise.Serialization.csproj", "{55CBEE91-B9D3-4DD2-ADFE-AD5716F6018E}"
	ProjectSection(ProjectDependencies) = postProject
		{948B0E7C-6FB1-41ED-BAFC-971E54F8C14D} = {948B0E7C-6FB1-41ED-BAFC-971E54F8C14D}
	EndProjectSection
EndProject
Project("{FAE04EC0-301F-11D3-BF4B-00C04F79EFBC}") = "SharpNoise.Serialization.Tests", "SharpNoise.Serialization.Tests\SharpNoise.Serialization.Tests.csproj", "{E4A4ABD7-542C-434E-9B5E-481B80429A2A}"
EndProject
Global
	GlobalSection(SolutionConfigurationPlatforms) = preSolution
		Debug|Any CPU = Debug|Any CPU
		Release|Any CPU = Release|Any CPU
	EndGlobalSection
	GlobalSection(ProjectConfigurationPlatforms) = postSolution
		{948B0E7C-6FB1-41ED-BAFC-971E54F8C14D}.Debug|Any CPU.ActiveCfg = Debug|Any CPU
		{948B0E7C-6FB1-41ED-BAFC-971E54F8C14D}.Debug|Any CPU.Build.0 = Debug|Any CPU
		{948B0E7C-6FB1-41ED-BAFC-971E54F8C14D}.Release|Any CPU.ActiveCfg = Release|Any CPU
		{948B0E7C-6FB1-41ED-BAFC-971E54F8C14D}.Release|Any CPU.Build.0 = Release|Any CPU
		{5A1EED31-C385-4846-91CF-257B3B720CD9}.Debug|Any CPU.ActiveCfg = Debug|Any CPU
		{5A1EED31-C385-4846-91CF-257B3B720CD9}.Debug|Any CPU.Build.0 = Debug|Any CPU
		{5A1EED31-C385-4846-91CF-257B3B720CD9}.Release|Any CPU.ActiveCfg = Release|Any CPU
		{5A1EED31-C385-4846-91CF-257B3B720CD9}.Release|Any CPU.Build.0 = Release|Any CPU
		{55CBEE91-B9D3-4DD2-ADFE-AD5716F6018E}.Debug|Any CPU.ActiveCfg = Debug|Any CPU
		{55CBEE91-B9D3-4DD2-ADFE-AD5716F6018E}.Debug|Any CPU.Build.0 = Debug|Any CPU
		{55CBEE91-B9D3-4DD2-ADFE-AD5716F6018E}.Release|Any CPU.ActiveCfg = Release|Any CPU
		{55CBEE91-B9D3-4DD2-ADFE-AD5716F6018E}.Release|Any CPU.Build.0 = Release|Any CPU
		{E4A4ABD7-542C-434E-9B5E-481B80429A2A}.Debug|Any CPU.ActiveCfg = Debug|Any CPU
		{E4A4ABD7-542C-434E-9B5E-481B80429A2A}.Debug|Any CPU.Build.0 = Debug|Any CPU
		{E4A4ABD7-542C-434E-9B5E-481B80429A2A}.Release|Any CPU.ActiveCfg = Release|Any CPU
		{E4A4ABD7-542C-434E-9B5E-481B80429A2A}.Release|Any CPU.Build.0 = Release|Any CPU
	EndGlobalSection
	GlobalSection(SolutionProperties) = preSolution
		HideSolutionNode = FALSE
	EndGlobalSection
EndGlobal
