
Microsoft Visual Studio Solution File, Format Version 12.00
# Visual Studio 14
VisualStudioVersion = 14.0.25123.0
MinimumVisualStudioVersion = 10.0.40219.1
Project("{FAE04EC0-301F-11D3-BF4B-00C04F79EFBC}") = "ComplexPlanetExample", "ComplexPlanetExample\ComplexPlanetExample.csproj", "{8227F89B-C163-4B3E-991D-000574D6D9C9}"
EndProject
Project("{FAE04EC0-301F-11D3-BF4B-00C04F79EFBC}") = "SharpNoise", "..\SharpNoise\SharpNoise.csproj", "{948B0E7C-6FB1-41ED-BAFC-971E54F8C14D}"
EndProject
Project("{2150E333-8FDC-42A3-9474-1A3956D46DE8}") = "Dependencies", "Dependencies", "{4125FAE3-81A9-4804-85FB-A1208DE3CF0C}"
EndProject
Project("{FAE04EC0-301F-11D3-BF4B-00C04F79EFBC}") = "SharpNoise.Utilities", "..\SharpNoise.Utilities\SharpNoise.Utilities.csproj", "{EFE8B9D6-9A63-4112-9830-E46901ED4578}"
EndProject
Project("{FAE04EC0-301F-11D3-BF4B-00C04F79EFBC}") = "NoiseTester", "NoiseTester\NoiseTester.csproj", "{3AACDC91-A8E3-4129-8B71-8A09286F3BC2}"
EndProject
Project("{FAE04EC0-301F-11D3-BF4B-00C04F79EFBC}") = "OpenGLExample", "OpenGLExample\OpenGLExample.csproj", "{EE4A0E10-D0E2-4746-83C7-D817F2D01FA4}"
EndProject
Project("{FAE04EC0-301F-11D3-BF4B-00C04F79EFBC}") = "BeginnerSample", "BeginnerSample\BeginnerSample.csproj", "{90C37104-C707-41F4-A5F7-B488963E3481}"
EndProject
Global
	GlobalSection(SolutionConfigurationPlatforms) = preSolution
		Debug|Any CPU = Debug|Any CPU
		Release|Any CPU = Release|Any CPU
	EndGlobalSection
	GlobalSection(ProjectConfigurationPlatforms) = postSolution
		{8227F89B-C163-4B3E-991D-000574D6D9C9}.Debug|Any CPU.ActiveCfg = Debug|Any CPU
		{8227F89B-C163-4B3E-991D-000574D6D9C9}.Debug|Any CPU.Build.0 = Debug|Any CPU
		{8227F89B-C163-4B3E-991D-000574D6D9C9}.Release|Any CPU.ActiveCfg = Release|Any CPU
		{8227F89B-C163-4B3E-991D-000574D6D9C9}.Release|Any CPU.Build.0 = Release|Any CPU
		{948B0E7C-6FB1-41ED-BAFC-971E54F8C14D}.Debug|Any CPU.ActiveCfg = Debug|Any CPU
		{948B0E7C-6FB1-41ED-BAFC-971E54F8C14D}.Debug|Any CPU.Build.0 = Debug|Any CPU
		{948B0E7C-6FB1-41ED-BAFC-971E54F8C14D}.Release|Any CPU.ActiveCfg = Release|Any CPU
		{948B0E7C-6FB1-41ED-BAFC-971E54F8C14D}.Release|Any CPU.Build.0 = Release|Any CPU
		{EFE8B9D6-9A63-4112-9830-E46901ED4578}.Debug|Any CPU.ActiveCfg = Debug|Any CPU
		{EFE8B9D6-9A63-4112-9830-E46901ED4578}.Debug|Any CPU.Build.0 = Debug|Any CPU
		{EFE8B9D6-9A63-4112-9830-E46901ED4578}.Release|Any CPU.ActiveCfg = Release|Any CPU
		{EFE8B9D6-9A63-4112-9830-E46901ED4578}.Release|Any CPU.Build.0 = Release|Any CPU
		{3AACDC91-A8E3-4129-8B71-8A09286F3BC2}.Debug|Any CPU.ActiveCfg = Debug|Any CPU
		{3AACDC91-A8E3-4129-8B71-8A09286F3BC2}.Debug|Any CPU.Build.0 = Debug|Any CPU
		{3AACDC91-A8E3-4129-8B71-8A09286F3BC2}.Release|Any CPU.ActiveCfg = Release|Any CPU
		{3AACDC91-A8E3-4129-8B71-8A09286F3BC2}.Release|Any CPU.Build.0 = Release|Any CPU
		{EE4A0E10-D0E2-4746-83C7-D817F2D01FA4}.Debug|Any CPU.ActiveCfg = Debug|Any CPU
		{EE4A0E10-D0E2-4746-83C7-D817F2D01FA4}.Debug|Any CPU.Build.0 = Debug|Any CPU
		{EE4A0E10-D0E2-4746-83C7-D817F2D01FA4}.Release|Any CPU.ActiveCfg = Release|Any CPU
		{EE4A0E10-D0E2-4746-83C7-D817F2D01FA4}.Release|Any CPU.Build.0 = Release|Any CPU
		{90C37104-C707-41F4-A5F7-B488963E3481}.Debug|Any CPU.ActiveCfg = Debug|Any CPU
		{90C37104-C707-41F4-A5F7-B488963E3481}.Debug|Any CPU.Build.0 = Debug|Any CPU
		{90C37104-C707-41F4-A5F7-B488963E3481}.Release|Any CPU.ActiveCfg = Release|Any CPU
		{90C37104-C707-41F4-A5F7-B488963E3481}.Release|Any CPU.Build.0 = Release|Any CPU
	EndGlobalSection
	GlobalSection(SolutionProperties) = preSolution
		HideSolutionNode = FALSE
	EndGlobalSection
	GlobalSection(NestedProjects) = preSolution
		{948B0E7C-6FB1-41ED-BAFC-971E54F8C14D} = {4125FAE3-81A9-4804-85FB-A1208DE3CF0C}
		{EFE8B9D6-9A63-4112-9830-E46901ED4578} = {4125FAE3-81A9-4804-85FB-A1208DE3CF0C}
	EndGlobalSection
EndGlobal
